
Microsoft Visual Studio Solution File, Format Version 12.00
# Visual Studio Version 17
VisualStudioVersion = 17.7.34202.233
MinimumVisualStudioVersion = 10.0.40219.1
Project("{FAE04EC0-301F-11D3-BF4B-00C04F79EFBC}") = "AesEncryptor", "AesEncryptor.csproj", "{4FF56F75-7A6E-47D5-9C7D-9AB415471612}"
EndProject
Global
	GlobalSection(SolutionConfigurationPlatforms) = preSolution
		Debug|Any CPU = Debug|Any CPU
		Release|Any CPU = Release|Any CPU
	EndGlobalSection
	GlobalSection(ProjectConfigurationPlatforms) = postSolution
		{4FF56F75-7A6E-47D5-9C7D-9AB415471612}.Debug|Any CPU.ActiveCfg = Debug|Any CPU
		{4FF56F75-7A6E-47D5-9C7D-9AB415471612}.Debug|Any CPU.Build.0 = Debug|Any CPU
		{4FF56F75-7A6E-47D5-9C7D-9AB415471612}.Release|Any CPU.ActiveCfg = Release|Any CPU
		{4FF56F75-7A6E-47D5-9C7D-9AB415471612}.Release|Any CPU.Build.0 = Release|Any CPU
	EndGlobalSection
	GlobalSection(SolutionProperties) = preSolution
		HideSolutionNode = FALSE
	EndGlobalSection
	GlobalSection(ExtensibilityGlobals) = postSolution
		SolutionGuid = {1D5858ED-BE79-4E60-9D08-C993289A01B5}
	EndGlobalSection
EndGlobal
